
Microsoft Visual Studio Solution File, Format Version 12.00
# Visual Studio 2015
Project("{FAE04EC0-301F-11D3-BF4B-00C04F79EFBC}") = "SpaceGameEscape.CSharp.Plugins", "SpaceGameEscape.CSharp.Plugins.csproj", "{619CF443-A2B5-0793-2D63-50BF0FB53C4D}"
EndProject
Project("{FAE04EC0-301F-11D3-BF4B-00C04F79EFBC}") = "SpaceGameEscape.CSharp", "SpaceGameEscape.CSharp.csproj", "{D42B56D6-AF86-D3AB-930C-F5C9DE447551}"
EndProject
Project("{FAE04EC0-301F-11D3-BF4B-00C04F79EFBC}") = "SpaceGameEscape.CSharp.Editor", "SpaceGameEscape.CSharp.Editor.csproj", "{84E3B2FB-B090-A4B7-BAA5-3B1461692FA3}"
EndProject
Global
	GlobalSection(SolutionConfigurationPlatforms) = preSolution
		Debug|Any CPU = Debug|Any CPU
		Release|Any CPU = Release|Any CPU
	EndGlobalSection
	GlobalSection(ProjectConfigurationPlatforms) = postSolution
		{619CF443-A2B5-0793-2D63-50BF0FB53C4D}.Debug|Any CPU.ActiveCfg = Debug|Any CPU
		{619CF443-A2B5-0793-2D63-50BF0FB53C4D}.Debug|Any CPU.Build.0 = Debug|Any CPU
		{619CF443-A2B5-0793-2D63-50BF0FB53C4D}.Release|Any CPU.ActiveCfg = Release|Any CPU
		{619CF443-A2B5-0793-2D63-50BF0FB53C4D}.Release|Any CPU.Build.0 = Release|Any CPU
		{D42B56D6-AF86-D3AB-930C-F5C9DE447551}.Debug|Any CPU.ActiveCfg = Debug|Any CPU
		{D42B56D6-AF86-D3AB-930C-F5C9DE447551}.Debug|Any CPU.Build.0 = Debug|Any CPU
		{D42B56D6-AF86-D3AB-930C-F5C9DE447551}.Release|Any CPU.ActiveCfg = Release|Any CPU
		{D42B56D6-AF86-D3AB-930C-F5C9DE447551}.Release|Any CPU.Build.0 = Release|Any CPU
		{84E3B2FB-B090-A4B7-BAA5-3B1461692FA3}.Debug|Any CPU.ActiveCfg = Debug|Any CPU
		{84E3B2FB-B090-A4B7-BAA5-3B1461692FA3}.Debug|Any CPU.Build.0 = Debug|Any CPU
		{84E3B2FB-B090-A4B7-BAA5-3B1461692FA3}.Release|Any CPU.ActiveCfg = Release|Any CPU
		{84E3B2FB-B090-A4B7-BAA5-3B1461692FA3}.Release|Any CPU.Build.0 = Release|Any CPU
	EndGlobalSection
	GlobalSection(SolutionProperties) = preSolution
		HideSolutionNode = FALSE
	EndGlobalSection
EndGlobal
